
Microsoft Visual Studio Solution File, Format Version 12.00
# Visual Studio Version 17
VisualStudioVersion = 17.10.35013.160
MinimumVisualStudioVersion = 10.0.40219.1
Project("{FAE04EC0-301F-11D3-BF4B-00C04F79EFBC}") = "CIE2_MVC", "CIE2_MVC\CIE2_MVC.csproj", "{99E44B29-3A6A-43D5-B698-7ABDDD492FB9}"
EndProject
Global
	GlobalSection(SolutionConfigurationPlatforms) = preSolution
		Debug|Any CPU = Debug|Any CPU
		Release|Any CPU = Release|Any CPU
	EndGlobalSection
	GlobalSection(ProjectConfigurationPlatforms) = postSolution
		{99E44B29-3A6A-43D5-B698-7ABDDD492FB9}.Debug|Any CPU.ActiveCfg = Debug|Any CPU
		{99E44B29-3A6A-43D5-B698-7ABDDD492FB9}.Debug|Any CPU.Build.0 = Debug|Any CPU
		{99E44B29-3A6A-43D5-B698-7ABDDD492FB9}.Release|Any CPU.ActiveCfg = Release|Any CPU
		{99E44B29-3A6A-43D5-B698-7ABDDD492FB9}.Release|Any CPU.Build.0 = Release|Any CPU
	EndGlobalSection
	GlobalSection(SolutionProperties) = preSolution
		HideSolutionNode = FALSE
	EndGlobalSection
	GlobalSection(ExtensibilityGlobals) = postSolution
		SolutionGuid = {79DD2CD7-FF98-4E2C-8389-C6B47CC013B3}
	EndGlobalSection
EndGlobal
